
Microsoft Visual Studio Solution File, Format Version 12.00
# Visual Studio 15
VisualStudioVersion = 15.0.28307.705
MinimumVisualStudioVersion = 10.0.40219.1
Project("{2150E333-8FDC-42A3-9474-1A3956D46DE8}") = "Solution Items", "Solution Items", "{B2E5661A-FE5F-4134-8BB4-B9DC73ECC369}"
	ProjectSection(SolutionItems) = preProject
		Browse.html = Browse.html
		Error.html = Error.html
		feedback.html = feedback.html
		header.html = header.html
		header_logIn.html = header_logIn.html
		Index.html = Index.html
		login.html = login.html
		register.html = register.html
		Review.html = Review.html
		superadmin.html = superadmin.html
	EndProjectSection
EndProject
Project("{2150E333-8FDC-42A3-9474-1A3956D46DE8}") = "css", "css", "{CC5E2E39-80CF-4DFC-9849-D9C7E8EDAFCE}"
	ProjectSection(SolutionItems) = preProject
		css\styles.css = css\styles.css
	EndProjectSection
EndProject
Project("{2150E333-8FDC-42A3-9474-1A3956D46DE8}") = "js", "js", "{D28BBF3B-A89E-484C-A475-BD67260B0171}"
	ProjectSection(SolutionItems) = preProject
		script.js = script.js
	EndProjectSection
EndProject
Project("{2150E333-8FDC-42A3-9474-1A3956D46DE8}") = "media", "media", "{4DE196EF-21F9-4F3D-B815-349F22ED12E5}"
	ProjectSection(SolutionItems) = preProject
		media\404logo.png = media\404logo.png
		media\error404LogoFull.png = media\error404LogoFull.png
		media\favIcon.png = media\favIcon.png
		media\lock.png = media\lock.png
		media\register.png = media\register.png
		..\..\..\School\Year 2\2.2\P2\UNBIASED.png = ..\..\..\School\Year 2\2.2\P2\UNBIASED.png
		media\wheelShadow.JPG = media\wheelShadow.JPG
		media\white.jpg = media\white.jpg
	EndProjectSection
EndProject
Project("{2150E333-8FDC-42A3-9474-1A3956D46DE8}") = "logo", "logo", "{466F1C1B-A667-4C31-81E6-7DD6E8190D6F}"
	ProjectSection(SolutionItems) = preProject
		media\logo\log_android.png = media\logo\log_android.png
		media\logo\log_blizz.png = media\logo\log_blizz.png
		media\logo\log_epic.png = media\logo\log_epic.png
		media\logo\log_ios.png = media\logo\log_ios.png
		media\logo\log_nin.png = media\logo\log_nin.png
		media\logo\log_org.png = media\logo\log_org.png
		media\logo\log_psp.png = media\logo\log_psp.png
		media\logo\log_steam.png = media\logo\log_steam.png
		media\logo\log_wind.png = media\logo\log_wind.png
		media\logo\log_xbox.png = media\logo\log_xbox.png
	EndProjectSection
EndProject
Global
	GlobalSection(SolutionProperties) = preSolution
		HideSolutionNode = FALSE
	EndGlobalSection
	GlobalSection(NestedProjects) = preSolution
		{CC5E2E39-80CF-4DFC-9849-D9C7E8EDAFCE} = {B2E5661A-FE5F-4134-8BB4-B9DC73ECC369}
		{D28BBF3B-A89E-484C-A475-BD67260B0171} = {B2E5661A-FE5F-4134-8BB4-B9DC73ECC369}
		{4DE196EF-21F9-4F3D-B815-349F22ED12E5} = {B2E5661A-FE5F-4134-8BB4-B9DC73ECC369}
		{466F1C1B-A667-4C31-81E6-7DD6E8190D6F} = {4DE196EF-21F9-4F3D-B815-349F22ED12E5}
	EndGlobalSection
	GlobalSection(ExtensibilityGlobals) = postSolution
		SolutionGuid = {CA796463-EC8E-437B-9535-C2E8E5BE8DC9}
	EndGlobalSection
EndGlobal
